
Microsoft Visual Studio Solution File, Format Version 12.00
# Visual Studio Version 16
VisualStudioVersion = 16.0.32126.315
MinimumVisualStudioVersion = 10.0.40219.1
Project("{FAE04EC0-301F-11D3-BF4B-00C04F79EFBC}") = "MyMarket", "MyMarket\MyMarket.csproj", "{C0FC48CA-8400-48C7-800E-3C6BFD5556D4}"
EndProject
Global
	GlobalSection(SolutionConfigurationPlatforms) = preSolution
		Debug|Any CPU = Debug|Any CPU
		Release|Any CPU = Release|Any CPU
	EndGlobalSection
	GlobalSection(ProjectConfigurationPlatforms) = postSolution
		{C0FC48CA-8400-48C7-800E-3C6BFD5556D4}.Debug|Any CPU.ActiveCfg = Debug|Any CPU
		{C0FC48CA-8400-48C7-800E-3C6BFD5556D4}.Debug|Any CPU.Build.0 = Debug|Any CPU
		{C0FC48CA-8400-48C7-800E-3C6BFD5556D4}.Release|Any CPU.ActiveCfg = Release|Any CPU
		{C0FC48CA-8400-48C7-800E-3C6BFD5556D4}.Release|Any CPU.Build.0 = Release|Any CPU
	EndGlobalSection
	GlobalSection(SolutionProperties) = preSolution
		HideSolutionNode = FALSE
	EndGlobalSection
	GlobalSection(ExtensibilityGlobals) = postSolution
		SolutionGuid = {5D4A7DB4-15BA-45DF-A40F-D56A51D5DCEB}
	EndGlobalSection
EndGlobal
